<?xml version="1.0" encoding="UTF-8" standalone="yes" ?>
<CodeBlocks_project_file>
	<FileVersion major="1" minor="6" />
	<Project>
		<Option title="Mini_Search_Engine" />
		<Option pch_mode="2" />
		<Option compiler="gcc" />
		<Build>
			<Target title="Debug">
				<Option output="bin/Debug/Mini_Search_Engine" prefix_auto="1" extension_auto="1" />
				<Option object_output="obj/Debug/" />
				<Option type="1" />
				<Option compiler="gcc" />
				<Compiler>
					<Add option="-g" />
				</Compiler>
			</Target>
			<Target title="Release">
				<Option output="bin/Release/Mini_Search_Engine" prefix_auto="1" extension_auto="1" />
				<Option object_output="obj/Release/" />
				<Option type="1" />
				<Option compiler="gcc" />
				<Compiler>
					<Add option="-O2" />
				</Compiler>
				<Linker>
					<Add option="-s" />
				</Linker>
			</Target>
		</Build>
		<Compiler>
			<Add option="-Wall" />
			<Add option="-fexceptions" />
		</Compiler>
		<Unit filename="AvlTree.cpp" />
		<Unit filename="AvlTree.h" />
		<Unit filename="Header.h" />
		<Unit filename="Intro.h" />
		<Unit filename="MainDataBuild.cpp" />
		<Unit filename="MainDataBuild.h" />
		<Unit filename="SetConsoleCursorPosition.cpp" />
		<Unit filename="SetConsoleCursorPosition.h" />
		<Unit filename="Synonym.cpp" />
		<Unit filename="Synonym.h" />
		<Unit filename="WordToWord.cpp" />
		<Unit filename="WordToWord.h" />
		<Unit filename="dataQuery.cpp" />
		<Unit filename="dataQuery.h" />
		<Unit filename="dataQuery/CountWord.dat" />
		<Unit filename="dataQuery/Words.txt" />
		<Unit filename="main.cpp" />
		<Unit filename="readQuery.cpp" />
		<Unit filename="readQuery.h" />
		<Unit filename="removeStopWords.cpp" />
		<Unit filename="removeStopWords.h" />
		<Unit filename="stopWord/stopword.txt" />
		<Unit filename="typeOfQuestion.cpp" />
		<Unit filename="typeOfQuestion.h" />
		<Extensions />
	</Project>
</CodeBlocks_project_file>
